// !$*UTF8*$!
{
	archiveVersion = 1;
	classes = {
	};
	objectVersion = 46;
	objects = {

/* Begin PBXBuildFile section */
		6C4CD54B1DA20324005C979A /* AppDelegate.swift in Sources */ = {isa = PBXBuildFile; fileRef = 6C4CD54A1DA20324005C979A /* AppDelegate.swift */; };
		6C4CD5501DA20324005C979A /* Main.storyboard in Resources */ = {isa = PBXBuildFile; fileRef = 6C4CD54E1DA20324005C979A /* Main.storyboard */; };
		6C4CD5531DA20324005C979A /* LETSPARTY.xcdatamodeld in Sources */ = {isa = PBXBuildFile; fileRef = 6C4CD5511DA20324005C979A /* LETSPARTY.xcdatamodeld */; };
		6C4CD5551DA20324005C979A /* Assets.xcassets in Resources */ = {isa = PBXBuildFile; fileRef = 6C4CD5541DA20324005C979A /* Assets.xcassets */; };
		6C4CD5581DA20324005C979A /* LaunchScreen.storyboard in Resources */ = {isa = PBXBuildFile; fileRef = 6C4CD5561DA20324005C979A /* LaunchScreen.storyboard */; };
		6C4CD5631DA20324005C979A /* LETSPARTYTests.swift in Sources */ = {isa = PBXBuildFile; fileRef = 6C4CD5621DA20324005C979A /* LETSPARTYTests.swift */; };
		6C4CD56E1DA20324005C979A /* LETSPARTYUITests.swift in Sources */ = {isa = PBXBuildFile; fileRef = 6C4CD56D1DA20324005C979A /* LETSPARTYUITests.swift */; };
		6C6519E51DB483C700711395 /* PartyInfoController.swift in Sources */ = {isa = PBXBuildFile; fileRef = 6C6519E41DB483C700711395 /* PartyInfoController.swift */; };
		6C76D5B51DB9DEFD00A52189 /* CommentNetwork.swift in Sources */ = {isa = PBXBuildFile; fileRef = 6C76D5B41DB9DEFD00A52189 /* CommentNetwork.swift */; };
		6C8033C31DC534390021F046 /* Comment.swift in Sources */ = {isa = PBXBuildFile; fileRef = 6C8033C21DC534390021F046 /* Comment.swift */; };
		6C85FD201DB1BC7F00708FC2 /* ThrowPartyViewController.swift in Sources */ = {isa = PBXBuildFile; fileRef = 6C85FD1F1DB1BC7F00708FC2 /* ThrowPartyViewController.swift */; };
		6C85FD221DB1BFFA00708FC2 /* UploadImage.swift in Sources */ = {isa = PBXBuildFile; fileRef = 6C85FD211DB1BFFA00708FC2 /* UploadImage.swift */; };
		6C9AC2CC1DB09E13004DAA77 /* partyCellTableViewCell.swift in Sources */ = {isa = PBXBuildFile; fileRef = 6C9AC2CB1DB09E13004DAA77 /* partyCellTableViewCell.swift */; };
		6CA34A7D1DC54BC200CEF907 /* commentCellTableViewCell.swift in Sources */ = {isa = PBXBuildFile; fileRef = 6CA34A7C1DC54BC200CEF907 /* commentCellTableViewCell.swift */; };
		6CC4533F1DC46209009C8EC8 /* TabBarController.swift in Sources */ = {isa = PBXBuildFile; fileRef = 6CC4533E1DC46209009C8EC8 /* TabBarController.swift */; };
		6CC453411DC47405009C8EC8 /* PersonViewController.swift in Sources */ = {isa = PBXBuildFile; fileRef = 6CC453401DC47405009C8EC8 /* PersonViewController.swift */; };
		6CE58EF61DA9F81000303594 /* NetworkClass.swift in Sources */ = {isa = PBXBuildFile; fileRef = 6C4CD57C1DA2055E005C979A /* NetworkClass.swift */; };
		6CE58EF71DA9F81500303594 /* Party.swift in Sources */ = {isa = PBXBuildFile; fileRef = 6CE58EF31DA9F1A400303594 /* Party.swift */; };
		6CE58EF81DA9F81B00303594 /* ViewController.swift in Sources */ = {isa = PBXBuildFile; fileRef = 6C4CD54C1DA20324005C979A /* ViewController.swift */; };
/* End PBXBuildFile section */

/* Begin PBXContainerItemProxy section */
		6C4CD55F1DA20324005C979A /* PBXContainerItemProxy */ = {
			isa = PBXContainerItemProxy;
			containerPortal = 6C4CD53F1DA20324005C979A /* Project object */;
			proxyType = 1;
			remoteGlobalIDString = 6C4CD5461DA20324005C979A;
			remoteInfo = LETSPARTY;
		};
		6C4CD56A1DA20324005C979A /* PBXContainerItemProxy */ = {
			isa = PBXContainerItemProxy;
			containerPortal = 6C4CD53F1DA20324005C979A /* Project object */;
			proxyType = 1;
			remoteGlobalIDString = 6C4CD5461DA20324005C979A;
			remoteInfo = LETSPARTY;
		};
/* End PBXContainerItemProxy section */

/* Begin PBXFileReference section */
		6C4CD5471DA20324005C979A /* LETSPARTY.app */ = {isa = PBXFileReference; explicitFileType = wrapper.application; includeInIndex = 0; path = LETSPARTY.app; sourceTree = BUILT_PRODUCTS_DIR; };
		6C4CD54A1DA20324005C979A /* AppDelegate.swift */ = {isa = PBXFileReference; lastKnownFileType = sourcecode.swift; path = AppDelegate.swift; sourceTree = "<group>"; };
		6C4CD54C1DA20324005C979A /* ViewController.swift */ = {isa = PBXFileReference; lastKnownFileType = sourcecode.swift; path = ViewController.swift; sourceTree = "<group>"; };
		6C4CD54F1DA20324005C979A /* Base */ = {isa = PBXFileReference; lastKnownFileType = file.storyboard; name = Base; path = Base.lproj/Main.storyboard; sourceTree = "<group>"; };
		6C4CD5521DA20324005C979A /* LETSPARTY.xcdatamodel */ = {isa = PBXFileReference; lastKnownFileType = wrapper.xcdatamodel; path = LETSPARTY.xcdatamodel; sourceTree = "<group>"; };
		6C4CD5541DA20324005C979A /* Assets.xcassets */ = {isa = PBXFileReference; lastKnownFileType = folder.assetcatalog; path = Assets.xcassets; sourceTree = "<group>"; };
		6C4CD5571DA20324005C979A /* Base */ = {isa = PBXFileReference; lastKnownFileType = file.storyboard; name = Base; path = Base.lproj/LaunchScreen.storyboard; sourceTree = "<group>"; };
		6C4CD5591DA20324005C979A /* Info.plist */ = {isa = PBXFileReference; lastKnownFileType = text.plist.xml; path = Info.plist; sourceTree = "<group>"; };
		6C4CD55E1DA20324005C979A /* LETSPARTYTests.xctest */ = {isa = PBXFileReference; explicitFileType = wrapper.cfbundle; includeInIndex = 0; path = LETSPARTYTests.xctest; sourceTree = BUILT_PRODUCTS_DIR; };
		6C4CD5621DA20324005C979A /* LETSPARTYTests.swift */ = {isa = PBXFileReference; lastKnownFileType = sourcecode.swift; path = LETSPARTYTests.swift; sourceTree = "<group>"; };
		6C4CD5641DA20324005C979A /* Info.plist */ = {isa = PBXFileReference; lastKnownFileType = text.plist.xml; path = Info.plist; sourceTree = "<group>"; };
		6C4CD5691DA20324005C979A /* LETSPARTYUITests.xctest */ = {isa = PBXFileReference; explicitFileType = wrapper.cfbundle; includeInIndex = 0; path = LETSPARTYUITests.xctest; sourceTree = BUILT_PRODUCTS_DIR; };
		6C4CD56D1DA20324005C979A /* LETSPARTYUITests.swift */ = {isa = PBXFileReference; lastKnownFileType = sourcecode.swift; path = LETSPARTYUITests.swift; sourceTree = "<group>"; };
		6C4CD56F1DA20324005C979A /* Info.plist */ = {isa = PBXFileReference; lastKnownFileType = text.plist.xml; path = Info.plist; sourceTree = "<group>"; };
		6C4CD57C1DA2055E005C979A /* NetworkClass.swift */ = {isa = PBXFileReference; fileEncoding = 4; lastKnownFileType = sourcecode.swift; path = NetworkClass.swift; sourceTree = "<group>"; };
		6C6519E41DB483C700711395 /* PartyInfoController.swift */ = {isa = PBXFileReference; fileEncoding = 4; lastKnownFileType = sourcecode.swift; path = PartyInfoController.swift; sourceTree = "<group>"; };
		6C76D5B41DB9DEFD00A52189 /* CommentNetwork.swift */ = {isa = PBXFileReference; fileEncoding = 4; lastKnownFileType = sourcecode.swift; path = CommentNetwork.swift; sourceTree = "<group>"; };
		6C8033C21DC534390021F046 /* Comment.swift */ = {isa = PBXFileReference; fileEncoding = 4; lastKnownFileType = sourcecode.swift; path = Comment.swift; sourceTree = "<group>"; };
		6C85FD1F1DB1BC7F00708FC2 /* ThrowPartyViewController.swift */ = {isa = PBXFileReference; fileEncoding = 4; lastKnownFileType = sourcecode.swift; path = ThrowPartyViewController.swift; sourceTree = "<group>"; };
		6C85FD211DB1BFFA00708FC2 /* UploadImage.swift */ = {isa = PBXFileReference; fileEncoding = 4; lastKnownFileType = sourcecode.swift; path = UploadImage.swift; sourceTree = "<group>"; };
		6C9AC2CB1DB09E13004DAA77 /* partyCellTableViewCell.swift */ = {isa = PBXFileReference; fileEncoding = 4; lastKnownFileType = sourcecode.swift; path = partyCellTableViewCell.swift; sourceTree = "<group>"; };
		6CA34A7C1DC54BC200CEF907 /* commentCellTableViewCell.swift */ = {isa = PBXFileReference; fileEncoding = 4; lastKnownFileType = sourcecode.swift; path = commentCellTableViewCell.swift; sourceTree = "<group>"; };
		6CC4533E1DC46209009C8EC8 /* TabBarController.swift */ = {isa = PBXFileReference; fileEncoding = 4; lastKnownFileType = sourcecode.swift; path = TabBarController.swift; sourceTree = "<group>"; };
		6CC453401DC47405009C8EC8 /* PersonViewController.swift */ = {isa = PBXFileReference; fileEncoding = 4; lastKnownFileType = sourcecode.swift; path = PersonViewController.swift; sourceTree = "<group>"; };
		6CE58EF31DA9F1A400303594 /* Party.swift */ = {isa = PBXFileReference; fileEncoding = 4; lastKnownFileType = sourcecode.swift; path = Party.swift; sourceTree = "<group>"; };
/* End PBXFileReference section */

/* Begin PBXFrameworksBuildPhase section */
		6C4CD5441DA20324005C979A /* Frameworks */ = {
			isa = PBXFrameworksBuildPhase;
			buildActionMask = 2147483647;
			files = (
			);
			runOnlyForDeploymentPostprocessing = 0;
		};
		6C4CD55B1DA20324005C979A /* Frameworks */ = {
			isa = PBXFrameworksBuildPhase;
			buildActionMask = 2147483647;
			files = (
			);
			runOnlyForDeploymentPostprocessing = 0;
		};
		6C4CD5661DA20324005C979A /* Frameworks */ = {
			isa = PBXFrameworksBuildPhase;
			buildActionMask = 2147483647;
			files = (
			);
			runOnlyForDeploymentPostprocessing = 0;
		};
/* End PBXFrameworksBuildPhase section */

/* Begin PBXGroup section */
		6C4CD53E1DA20324005C979A = {
			isa = PBXGroup;
			children = (
				6C4CD5491DA20324005C979A /* LETSPARTY */,
				6C4CD5611DA20324005C979A /* LETSPARTYTests */,
				6C4CD56C1DA20324005C979A /* LETSPARTYUITests */,
				6C4CD5481DA20324005C979A /* Products */,
			);
			sourceTree = "<group>";
		};
		6C4CD5481DA20324005C979A /* Products */ = {
			isa = PBXGroup;
			children = (
				6C4CD5471DA20324005C979A /* LETSPARTY.app */,
				6C4CD55E1DA20324005C979A /* LETSPARTYTests.xctest */,
				6C4CD5691DA20324005C979A /* LETSPARTYUITests.xctest */,
			);
			name = Products;
			sourceTree = "<group>";
		};
		6C4CD5491DA20324005C979A /* LETSPARTY */ = {
			isa = PBXGroup;
			children = (
				6C8033C11DC534180021F046 /* Comment */,
				6CE58EF51DA9F39500303594 /* Party */,
				6C4CD57B1DA2050C005C979A /* Networking */,
				6C4CD54A1DA20324005C979A /* AppDelegate.swift */,
				6C4CD54C1DA20324005C979A /* ViewController.swift */,
				6C6519E41DB483C700711395 /* PartyInfoController.swift */,
				6C85FD1F1DB1BC7F00708FC2 /* ThrowPartyViewController.swift */,
				6C4CD54E1DA20324005C979A /* Main.storyboard */,
				6CC453401DC47405009C8EC8 /* PersonViewController.swift */,
				6CC4533E1DC46209009C8EC8 /* TabBarController.swift */,
				6C4CD5541DA20324005C979A /* Assets.xcassets */,
				6C4CD5561DA20324005C979A /* LaunchScreen.storyboard */,
				6C4CD5591DA20324005C979A /* Info.plist */,
				6C4CD5511DA20324005C979A /* LETSPARTY.xcdatamodeld */,
			);
			path = LETSPARTY;
			sourceTree = "<group>";
		};
		6C4CD5611DA20324005C979A /* LETSPARTYTests */ = {
			isa = PBXGroup;
			children = (
				6C4CD5621DA20324005C979A /* LETSPARTYTests.swift */,
				6C4CD5641DA20324005C979A /* Info.plist */,
			);
			path = LETSPARTYTests;
			sourceTree = "<group>";
		};
		6C4CD56C1DA20324005C979A /* LETSPARTYUITests */ = {
			isa = PBXGroup;
			children = (
				6C4CD56D1DA20324005C979A /* LETSPARTYUITests.swift */,
				6C4CD56F1DA20324005C979A /* Info.plist */,
			);
			path = LETSPARTYUITests;
			sourceTree = "<group>";
		};
		6C4CD57B1DA2050C005C979A /* Networking */ = {
			isa = PBXGroup;
			children = (
				6C4CD57C1DA2055E005C979A /* NetworkClass.swift */,
				6C85FD211DB1BFFA00708FC2 /* UploadImage.swift */,
				6C76D5B41DB9DEFD00A52189 /* CommentNetwork.swift */,
			);
			name = Networking;
			sourceTree = "<group>";
		};
		6C8033C11DC534180021F046 /* Comment */ = {
			isa = PBXGroup;
			children = (
				6C8033C21DC534390021F046 /* Comment.swift */,
				6CA34A7C1DC54BC200CEF907 /* commentCellTableViewCell.swift */,
			);
			name = Comment;
			sourceTree = "<group>";
		};
		6CE58EF51DA9F39500303594 /* Party */ = {
			isa = PBXGroup;
			children = (
				6CE58EF31DA9F1A400303594 /* Party.swift */,
				6C9AC2CB1DB09E13004DAA77 /* partyCellTableViewCell.swift */,
			);
			name = Party;
			sourceTree = "<group>";
		};
/* End PBXGroup section */

/* Begin PBXNativeTarget section */
		6C4CD5461DA20324005C979A /* LETSPARTY */ = {
			isa = PBXNativeTarget;
			buildConfigurationList = 6C4CD5721DA20324005C979A /* Build configuration list for PBXNativeTarget "LETSPARTY" */;
			buildPhases = (
				6C4CD5431DA20324005C979A /* Sources */,
				6C4CD5441DA20324005C979A /* Frameworks */,
				6C4CD5451DA20324005C979A /* Resources */,
			);
			buildRules = (
			);
			dependencies = (
			);
			name = LETSPARTY;
			productName = LETSPARTY;
			productReference = 6C4CD5471DA20324005C979A /* LETSPARTY.app */;
			productType = "com.apple.product-type.application";
		};
		6C4CD55D1DA20324005C979A /* LETSPARTYTests */ = {
			isa = PBXNativeTarget;
			buildConfigurationList = 6C4CD5751DA20324005C979A /* Build configuration list for PBXNativeTarget "LETSPARTYTests" */;
			buildPhases = (
				6C4CD55A1DA20324005C979A /* Sources */,
				6C4CD55B1DA20324005C979A /* Frameworks */,
				6C4CD55C1DA20324005C979A /* Resources */,
			);
			buildRules = (
			);
			dependencies = (
				6C4CD5601DA20324005C979A /* PBXTargetDependency */,
			);
			name = LETSPARTYTests;
			productName = LETSPARTYTests;
			productReference = 6C4CD55E1DA20324005C979A /* LETSPARTYTests.xctest */;
			productType = "com.apple.product-type.bundle.unit-test";
		};
		6C4CD5681DA20324005C979A /* LETSPARTYUITests */ = {
			isa = PBXNativeTarget;
			buildConfigurationList = 6C4CD5781DA20324005C979A /* Build configuration list for PBXNativeTarget "LETSPARTYUITests" */;
			buildPhases = (
				6C4CD5651DA20324005C979A /* Sources */,
				6C4CD5661DA20324005C979A /* Frameworks */,
				6C4CD5671DA20324005C979A /* Resources */,
			);
			buildRules = (
			);
			dependencies = (
				6C4CD56B1DA20324005C979A /* PBXTargetDependency */,
			);
			name = LETSPARTYUITests;
			productName = LETSPARTYUITests;
			productReference = 6C4CD5691DA20324005C979A /* LETSPARTYUITests.xctest */;
			productType = "com.apple.product-type.bundle.ui-testing";
		};
/* End PBXNativeTarget section */

/* Begin PBXProject section */
		6C4CD53F1DA20324005C979A /* Project object */ = {
			isa = PBXProject;
			attributes = {
				LastSwiftUpdateCheck = 0720;
				LastUpgradeCheck = 0720;
				ORGANIZATIONNAME = "LinLin Ding";
				TargetAttributes = {
					6C4CD5461DA20324005C979A = {
						CreatedOnToolsVersion = 7.2.1;
						LastSwiftMigration = 0800;
					};
					6C4CD55D1DA20324005C979A = {
						CreatedOnToolsVersion = 7.2.1;
						LastSwiftMigration = 0800;
						TestTargetID = 6C4CD5461DA20324005C979A;
					};
					6C4CD5681DA20324005C979A = {
						CreatedOnToolsVersion = 7.2.1;
						LastSwiftMigration = 0800;
						TestTargetID = 6C4CD5461DA20324005C979A;
					};
				};
			};
			buildConfigurationList = 6C4CD5421DA20324005C979A /* Build configuration list for PBXProject "LETSPARTY" */;
			compatibilityVersion = "Xcode 3.2";
			developmentRegion = English;
			hasScannedForEncodings = 0;
			knownRegions = (
				en,
				Base,
			);
			mainGroup = 6C4CD53E1DA20324005C979A;
			productRefGroup = 6C4CD5481DA20324005C979A /* Products */;
			projectDirPath = "";
			projectRoot = "";
			targets = (
				6C4CD5461DA20324005C979A /* LETSPARTY */,
				6C4CD55D1DA20324005C979A /* LETSPARTYTests */,
				6C4CD5681DA20324005C979A /* LETSPARTYUITests */,
			);
		};
/* End PBXProject section */

/* Begin PBXResourcesBuildPhase section */
		6C4CD5451DA20324005C979A /* Resources */ = {
			isa = PBXResourcesBuildPhase;
			buildActionMask = 2147483647;
			files = (
				6C4CD5581DA20324005C979A /* LaunchScreen.storyboard in Resources */,
				6C4CD5551DA20324005C979A /* Assets.xcassets in Resources */,
				6C4CD5501DA20324005C979A /* Main.storyboard in Resources */,
			);
			runOnlyForDeploymentPostprocessing = 0;
		};
		6C4CD55C1DA20324005C979A /* Resources */ = {
			isa = PBXResourcesBuildPhase;
			buildActionMask = 2147483647;
			files = (
			);
			runOnlyForDeploymentPostprocessing = 0;
		};
		6C4CD5671DA20324005C979A /* Resources */ = {
			isa = PBXResourcesBuildPhase;
			buildActionMask = 2147483647;
			files = (
			);
			runOnlyForDeploymentPostprocessing = 0;
		};
/* End PBXResourcesBuildPhase section */

/* Begin PBXSourcesBuildPhase section */
		6C4CD5431DA20324005C979A /* Sources */ = {
			isa = PBXSourcesBuildPhase;
			buildActionMask = 2147483647;
			files = (
				6CE58EF81DA9F81B00303594 /* ViewController.swift in Sources */,
				6C4CD5531DA20324005C979A /* LETSPARTY.xcdatamodeld in Sources */,
				6CC4533F1DC46209009C8EC8 /* TabBarController.swift in Sources */,
				6C6519E51DB483C700711395 /* PartyInfoController.swift in Sources */,
				6C85FD201DB1BC7F00708FC2 /* ThrowPartyViewController.swift in Sources */,
				6C4CD54B1DA20324005C979A /* AppDelegate.swift in Sources */,
				6C85FD221DB1BFFA00708FC2 /* UploadImage.swift in Sources */,
				6CA34A7D1DC54BC200CEF907 /* commentCellTableViewCell.swift in Sources */,
				6CC453411DC47405009C8EC8 /* PersonViewController.swift in Sources */,
				6C8033C31DC534390021F046 /* Comment.swift in Sources */,
				6C76D5B51DB9DEFD00A52189 /* CommentNetwork.swift in Sources */,
				6CE58EF71DA9F81500303594 /* Party.swift in Sources */,
				6C9AC2CC1DB09E13004DAA77 /* partyCellTableViewCell.swift in Sources */,
				6CE58EF61DA9F81000303594 /* NetworkClass.swift in Sources */,
			);
			runOnlyForDeploymentPostprocessing = 0;
		};
		6C4CD55A1DA20324005C979A /* Sources */ = {
			isa = PBXSourcesBuildPhase;
			buildActionMask = 2147483647;
			files = (
				6C4CD5631DA20324005C979A /* LETSPARTYTests.swift in Sources */,
			);
			runOnlyForDeploymentPostprocessing = 0;
		};
		6C4CD5651DA20324005C979A /* Sources */ = {
			isa = PBXSourcesBuildPhase;
			buildActionMask = 2147483647;
			files = (
				6C4CD56E1DA20324005C979A /* LETSPARTYUITests.swift in Sources */,
			);
			runOnlyForDeploymentPostprocessing = 0;
		};
/* End PBXSourcesBuildPhase section */

/* Begin PBXTargetDependency section */
		6C4CD5601DA20324005C979A /* PBXTargetDependency */ = {
			isa = PBXTargetDependency;
			target = 6C4CD5461DA20324005C979A /* LETSPARTY */;
			targetProxy = 6C4CD55F1DA20324005C979A /* PBXContainerItemProxy */;
		};
		6C4CD56B1DA20324005C979A /* PBXTargetDependency */ = {
			isa = PBXTargetDependency;
			target = 6C4CD5461DA20324005C979A /* LETSPARTY */;
			targetProxy = 6C4CD56A1DA20324005C979A /* PBXContainerItemProxy */;
		};
/* End PBXTargetDependency section */

/* Begin PBXVariantGroup section */
		6C4CD54E1DA20324005C979A /* Main.storyboard */ = {
			isa = PBXVariantGroup;
			children = (
				6C4CD54F1DA20324005C979A /* Base */,
			);
			name = Main.storyboard;
			sourceTree = "<group>";
		};
		6C4CD5561DA20324005C979A /* LaunchScreen.storyboard */ = {
			isa = PBXVariantGroup;
			children = (
				6C4CD5571DA20324005C979A /* Base */,
			);
			name = LaunchScreen.storyboard;
			sourceTree = "<group>";
		};
/* End PBXVariantGroup section */

/* Begin XCBuildConfiguration section */
		6C4CD5701DA20324005C979A /* Debug */ = {
			isa = XCBuildConfiguration;
			buildSettings = {
				ALWAYS_SEARCH_USER_PATHS = NO;
				CLANG_CXX_LANGUAGE_STANDARD = "gnu++0x";
				CLANG_CXX_LIBRARY = "libc++";
				CLANG_ENABLE_MODULES = YES;
				CLANG_ENABLE_OBJC_ARC = YES;
				CLANG_WARN_BOOL_CONVERSION = YES;
				CLANG_WARN_CONSTANT_CONVERSION = YES;
				CLANG_WARN_DIRECT_OBJC_ISA_USAGE = YES_ERROR;
				CLANG_WARN_EMPTY_BODY = YES;
				CLANG_WARN_ENUM_CONVERSION = YES;
				CLANG_WARN_INT_CONVERSION = YES;
				CLANG_WARN_OBJC_ROOT_CLASS = YES_ERROR;
				CLANG_WARN_UNREACHABLE_CODE = YES;
				CLANG_WARN__DUPLICATE_METHOD_MATCH = YES;
				"CODE_SIGN_IDENTITY[sdk=iphoneos*]" = "iPhone Developer";
				COPY_PHASE_STRIP = NO;
				DEBUG_INFORMATION_FORMAT = dwarf;
				ENABLE_STRICT_OBJC_MSGSEND = YES;
				ENABLE_TESTABILITY = YES;
				GCC_C_LANGUAGE_STANDARD = gnu99;
				GCC_DYNAMIC_NO_PIC = NO;
				GCC_NO_COMMON_BLOCKS = YES;
				GCC_OPTIMIZATION_LEVEL = 0;
				GCC_PREPROCESSOR_DEFINITIONS = (
					"DEBUG=1",
					"$(inherited)",
				);
				GCC_WARN_64_TO_32_BIT_CONVERSION = YES;
				GCC_WARN_ABOUT_RETURN_TYPE = YES_ERROR;
				GCC_WARN_UNDECLARED_SELECTOR = YES;
				GCC_WARN_UNINITIALIZED_AUTOS = YES_AGGRESSIVE;
				GCC_WARN_UNUSED_FUNCTION = YES;
				GCC_WARN_UNUSED_VARIABLE = YES;
				IPHONEOS_DEPLOYMENT_TARGET = 9.2;
				MTL_ENABLE_DEBUG_INFO = YES;
				ONLY_ACTIVE_ARCH = YES;
				SDKROOT = iphoneos;
				SWIFT_OPTIMIZATION_LEVEL = "-Onone";
				TARGETED_DEVICE_FAMILY = "1,2";
			};
			name = Debug;
		};
		6C4CD5711DA20324005C979A /* Release */ = {
			isa = XCBuildConfiguration;
			buildSettings = {
				ALWAYS_SEARCH_USER_PATHS = NO;
				CLANG_CXX_LANGUAGE_STANDARD = "gnu++0x";
				CLANG_CXX_LIBRARY = "libc++";
				CLANG_ENABLE_MODULES = YES;
				CLANG_ENABLE_OBJC_ARC = YES;
				CLANG_WARN_BOOL_CONVERSION = YES;
				CLANG_WARN_CONSTANT_CONVERSION = YES;
				CLANG_WARN_DIRECT_OBJC_ISA_USAGE = YES_ERROR;
				CLANG_WARN_EMPTY_BODY = YES;
				CLANG_WARN_ENUM_CONVERSION = YES;
				CLANG_WARN_INT_CONVERSION = YES;
				CLANG_WARN_OBJC_ROOT_CLASS = YES_ERROR;
				CLANG_WARN_UNREACHABLE_CODE = YES;
				CLANG_WARN__DUPLICATE_METHOD_MATCH = YES;
				"CODE_SIGN_IDENTITY[sdk=iphoneos*]" = "iPhone Developer";
				COPY_PHASE_STRIP = NO;
				DEBUG_INFORMATION_FORMAT = "dwarf-with-dsym";
				ENABLE_NS_ASSERTIONS = NO;
				ENABLE_STRICT_OBJC_MSGSEND = YES;
				GCC_C_LANGUAGE_STANDARD = gnu99;
				GCC_NO_COMMON_BLOCKS = YES;
				GCC_WARN_64_TO_32_BIT_CONVERSION = YES;
				GCC_WARN_ABOUT_RETURN_TYPE = YES_ERROR;
				GCC_WARN_UNDECLARED_SELECTOR = YES;
				GCC_WARN_UNINITIALIZED_AUTOS = YES_AGGRESSIVE;
				GCC_WARN_UNUSED_FUNCTION = YES;
				GCC_WARN_UNUSED_VARIABLE = YES;
				IPHONEOS_DEPLOYMENT_TARGET = 9.2;
				MTL_ENABLE_DEBUG_INFO = NO;
				SDKROOT = iphoneos;
				TARGETED_DEVICE_FAMILY = "1,2";
				VALIDATE_PRODUCT = YES;
			};
			name = Release;
		};
		6C4CD5731DA20324005C979A /* Debug */ = {
			isa = XCBuildConfiguration;
			buildSettings = {
				ASSETCATALOG_COMPILER_APPICON_NAME = AppIcon;
				INFOPLIST_FILE = LETSPARTY/Info.plist;
				LD_RUNPATH_SEARCH_PATHS = "$(inherited) @executable_path/Frameworks";
				PRODUCT_BUNDLE_IDENTIFIER = edu.umass.LETSPARTY;
				PRODUCT_NAME = "$(TARGET_NAME)";
				SWIFT_VERSION = 3.0;
			};
			name = Debug;
		};
		6C4CD5741DA20324005C979A /* Release */ = {
			isa = XCBuildConfiguration;
			buildSettings = {
				ASSETCATALOG_COMPILER_APPICON_NAME = AppIcon;
				INFOPLIST_FILE = LETSPARTY/Info.plist;
				LD_RUNPATH_SEARCH_PATHS = "$(inherited) @executable_path/Frameworks";
				PRODUCT_BUNDLE_IDENTIFIER = edu.umass.LETSPARTY;
				PRODUCT_NAME = "$(TARGET_NAME)";
				SWIFT_VERSION = 3.0;
			};
			name = Release;
		};
		6C4CD5761DA20324005C979A /* Debug */ = {
			isa = XCBuildConfiguration;
			buildSettings = {
				BUNDLE_LOADER = "$(TEST_HOST)";
				INFOPLIST_FILE = LETSPARTYTests/Info.plist;
				LD_RUNPATH_SEARCH_PATHS = "$(inherited) @executable_path/Frameworks @loader_path/Frameworks";
				PRODUCT_BUNDLE_IDENTIFIER = edu.umass.LETSPARTYTests;
				PRODUCT_NAME = "$(TARGET_NAME)";
				SWIFT_VERSION = 3.0;
				TEST_HOST = "$(BUILT_PRODUCTS_DIR)/LETSPARTY.app/LETSPARTY";
			};
			name = Debug;
		};
		6C4CD5771DA20324005C979A /* Release */ = {
			isa = XCBuildConfiguration;
			buildSettings = {
				BUNDLE_LOADER = "$(TEST_HOST)";
				INFOPLIST_FILE = LETSPARTYTests/Info.plist;
				LD_RUNPATH_SEARCH_PATHS = "$(inherited) @executable_path/Frameworks @loader_path/Frameworks";
				PRODUCT_BUNDLE_IDENTIFIER = edu.umass.LETSPARTYTests;
				PRODUCT_NAME = "$(TARGET_NAME)";
				SWIFT_VERSION = 3.0;
				TEST_HOST = "$(BUILT_PRODUCTS_DIR)/LETSPARTY.app/LETSPARTY";
			};
			name = Release;
		};
		6C4CD5791DA20324005C979A /* Debug */ = {
			isa = XCBuildConfiguration;
			buildSettings = {
				INFOPLIST_FILE = LETSPARTYUITests/Info.plist;
				LD_RUNPATH_SEARCH_PATHS = "$(inherited) @executable_path/Frameworks @loader_path/Frameworks";
				PRODUCT_BUNDLE_IDENTIFIER = edu.umass.LETSPARTYUITests;
				PRODUCT_NAME = "$(TARGET_NAME)";
				SWIFT_VERSION = 3.0;
				TEST_TARGET_NAME = LETSPARTY;
				USES_XCTRUNNER = YES;
			};
			name = Debug;
		};
		6C4CD57A1DA20324005C979A /* Release */ = {
			isa = XCBuildConfiguration;
			buildSettings = {
				INFOPLIST_FILE = LETSPARTYUITests/Info.plist;
				LD_RUNPATH_SEARCH_PATHS = "$(inherited) @executable_path/Frameworks @loader_path/Frameworks";
				PRODUCT_BUNDLE_IDENTIFIER = edu.umass.LETSPARTYUITests;
				PRODUCT_NAME = "$(TARGET_NAME)";
				SWIFT_VERSION = 3.0;
				TEST_TARGET_NAME = LETSPARTY;
				USES_XCTRUNNER = YES;
			};
			name = Release;
		};
/* End XCBuildConfiguration section */

/* Begin XCConfigurationList section */
		6C4CD5421DA20324005C979A /* Build configuration list for PBXProject "LETSPARTY" */ = {
			isa = XCConfigurationList;
			buildConfigurations = (
				6C4CD5701DA20324005C979A /* Debug */,
				6C4CD5711DA20324005C979A /* Release */,
			);
			defaultConfigurationIsVisible = 0;
			defaultConfigurationName = Release;
		};
		6C4CD5721DA20324005C979A /* Build configuration list for PBXNativeTarget "LETSPARTY" */ = {
			isa = XCConfigurationList;
			buildConfigurations = (
				6C4CD5731DA20324005C979A /* Debug */,
				6C4CD5741DA20324005C979A /* Release */,
			);
			defaultConfigurationIsVisible = 0;
			defaultConfigurationName = Release;
		};
		6C4CD5751DA20324005C979A /* Build configuration list for PBXNativeTarget "LETSPARTYTests" */ = {
			isa = XCConfigurationList;
			buildConfigurations = (
				6C4CD5761DA20324005C979A /* Debug */,
				6C4CD5771DA20324005C979A /* Release */,
			);
			defaultConfigurationIsVisible = 0;
			defaultConfigurationName = Release;
		};
		6C4CD5781DA20324005C979A /* Build configuration list for PBXNativeTarget "LETSPARTYUITests" */ = {
			isa = XCConfigurationList;
			buildConfigurations = (
				6C4CD5791DA20324005C979A /* Debug */,
				6C4CD57A1DA20324005C979A /* Release */,
			);
			defaultConfigurationIsVisible = 0;
			defaultConfigurationName = Release;
		};
/* End XCConfigurationList section */

/* Begin XCVersionGroup section */
		6C4CD5511DA20324005C979A /* LETSPARTY.xcdatamodeld */ = {
			isa = XCVersionGroup;
			children = (
				6C4CD5521DA20324005C979A /* LETSPARTY.xcdatamodel */,
			);
			currentVersion = 6C4CD5521DA20324005C979A /* LETSPARTY.xcdatamodel */;
			path = LETSPARTY.xcdatamodeld;
			sourceTree = "<group>";
			versionGroupType = wrapper.xcdatamodel;
		};
/* End XCVersionGroup section */
	};
	rootObject = 6C4CD53F1DA20324005C979A /* Project object */;
}
